
Microsoft Visual Studio Solution File, Format Version 12.00
# Visual Studio Version 16
VisualStudioVersion = 16.0.32413.511
MinimumVisualStudioVersion = 10.0.40219.1
Project("{FAE04EC0-301F-11D3-BF4B-00C04F79EFBC}") = "InfernoWeb", "InfernoWeb\InfernoWeb.csproj", "{84679BF7-490E-4FDC-8A62-2174D33F5629}"
EndProject
Global
	GlobalSection(SolutionConfigurationPlatforms) = preSolution
		Debug|Any CPU = Debug|Any CPU
		Release|Any CPU = Release|Any CPU
	EndGlobalSection
	GlobalSection(ProjectConfigurationPlatforms) = postSolution
		{84679BF7-490E-4FDC-8A62-2174D33F5629}.Debug|Any CPU.ActiveCfg = Debug|Any CPU
		{84679BF7-490E-4FDC-8A62-2174D33F5629}.Debug|Any CPU.Build.0 = Debug|Any CPU
		{84679BF7-490E-4FDC-8A62-2174D33F5629}.Release|Any CPU.ActiveCfg = Release|Any CPU
		{84679BF7-490E-4FDC-8A62-2174D33F5629}.Release|Any CPU.Build.0 = Release|Any CPU
	EndGlobalSection
	GlobalSection(SolutionProperties) = preSolution
		HideSolutionNode = FALSE
	EndGlobalSection
	GlobalSection(ExtensibilityGlobals) = postSolution
		SolutionGuid = {30560EE5-0FF6-4B88-9542-628EAED4B5E9}
	EndGlobalSection
EndGlobal
